PODS:
  - Alamofire (4.2.0)
  - Bolts-Swift (1.3.0)
  - SnapKit (3.0.2)

DEPENDENCIES:
  - Alamofire (~> 4.0)
  - Bolts-Swift
  - SnapKit (~> 3.0)

SPEC CHECKSUMS:
  Alamofire: aa2e09d871c9160ac53c90e83c68064a94e3dfbe
  Bolts-Swift: fa98d1b59fc1acea9b21a21306dcdca1c85e3737
  SnapKit: 2e456761aa92d4d4067a7a5594c18769d451a8ad

PODFILE CHECKSUM: 5d385158e9d9b5085a7ecedfedd9611eeabcbced

COCOAPODS: 1.1.1
